# This file was autogenerated by Stack.
# You should not edit this file by hand.
# For more information, please see the documentation at:
#   https://docs.haskellstack.org/en/stable/lock_files

packages:
- completed:
    hackage: bytestring-arbitrary-0.1.3@sha256:14db64d4fe126fbad2eb8d3601bfd80a693f3131e2db0e76891feffe44f10df8,1773
    pantry-tree:
      size: 347
      sha256: ea68c43da070afaddd1758f3180140f4cb844f559d4663246757b27a72200092
  original:
    hackage: bytestring-arbitrary-0.1.3@sha256:14db64d4fe126fbad2eb8d3601bfd80a693f3131e2db0e76891feffe44f10df8,1773
snapshots:
- completed:
    size: 524104
    url: https://raw.githubusercontent.com/commercialhaskell/stackage-snapshots/master/lts/14/5.yaml
    sha256: 3c146eebc1b383211ea49d5422fb3d63d699da12307b4bc989107300eb579d60
  original: lts-14.5
